{
  "name": "backend",
  "lockfileVersion": 3,
  "requires": true,
  "packages": {
    "": {
      "dependencies": {
        "random-words": "^2.0.1"
      }
    },
    "../../AppData/Roaming/npm/node_modules/figlet": {
      "version": "1.7.0",
      "extraneous": true,
      "license": "MIT",
      "bin": {
        "figlet": "bin/index.js"
      },
      "devDependencies": {
        "async": "~3.2.4",
        "grunt": "^1.6.1",
        "grunt-contrib-clean": "~2.0.1",
        "grunt-contrib-jshint": "^3.2.0",
        "grunt-contrib-nodeunit": "~5.0.0",
        "grunt-contrib-uglify": "^5.2.2",
        "husky": "^8.0.3",
        "lint-staged": "^13.2.1",
        "prettier": "2.8.7"
      },
      "engines": {
        "node": ">= 0.4.0"
      }
    },
    "node_modules/random-words": {
      "version": "2.0.1",
      "resolved": "https://registry.npmjs.org/random-words/-/random-words-2.0.1.tgz",
      "integrity": "sha512-nZNJAmgcFmtJMTDDIUCm/iK4R6RydC6NvALvWhYItXQrgYGk1F7Gww416LpVROFQtfVd5TaLEf4WuSsko03N7w==",
      "dependencies": {
        "seedrandom": "^3.0.5"
      }
    },
    "node_modules/seedrandom": {
      "version": "3.0.5",
      "resolved": "https://registry.npmjs.org/seedrandom/-/seedrandom-3.0.5.tgz",
      "integrity": "sha512-8OwmbklUNzwezjGInmZ+2clQmExQPvomqjL7LFqOYqtmuxRgQYqOD3mHaU+MvZn5FLUeVxVfQjwLZW/n/JFuqg=="
    }
  }
}
